# This file is automatically @generated by Cargo.
# It is not intended for manual editing.
version = 4

[[package]]
name = "lore-impl-web-collections-2026-04-07-1"
version = "0.1.0"
dependencies = [
 "lore-web-collections-core 0.1.1 (registry+https://github.com/rust-lang/crates.io-index)",
]

[[package]]
name = "lore-impl-web-collections-2026-04-07-2"
version = "0.1.3"
dependencies = [
 "lore-web-collections-core 0.1.1 (registry+https://github.com/rust-lang/crates.io-index)",
]

[[package]]
name = "lore-lexer-web-collections-2026-04-07-1"
version = "0.1.0"
dependencies = [
 "lore-web-collections-core 0.1.1 (registry+https://github.com/rust-lang/crates.io-index)",
]

[[package]]
name = "lore-lexer-web-collections-2026-04-07-2"
version = "0.1.0"
dependencies = [
 "lore-web-collections-core 0.1.1 (registry+https://github.com/rust-lang/crates.io-index)",
]

[[package]]
name = "lore-web-collections-core"
version = "0.1.1"

[[package]]
name = "lore-web-collections-core"
version = "0.1.1"
source = "registry+https://github.com/rust-lang/crates.io-index"
checksum = "e4f81b6bd813ed6303cd8fb942520af98d86ff182d8eec90ca9e17bcb9cb673e"
